
Microsoft Visual Studio Solution File, Format Version 12.00
# Visual Studio Express 14 for Windows Desktop
VisualStudioVersion = 14.0.25420.1
MinimumVisualStudioVersion = 10.0.40219.1
Project("{FAE04EC0-301F-11D3-BF4B-00C04F79EFBC}") = "Lusas_Engine", "Lusas_Engine\Lusas_Engine.csproj", "{41133F8E-E73A-415E-87F5-8E1D8BFC7EA0}"
	ProjectSection(ProjectDependencies) = postProject
		{963A4A5C-0455-40A5-BA48-01838DD5BB5B} = {963A4A5C-0455-40A5-BA48-01838DD5BB5B}
	EndProjectSection
EndProject
Project("{FAE04EC0-301F-11D3-BF4B-00C04F79EFBC}") = "Lusas_Adapter", "Lusas_Adapter\Lusas_Adapter.csproj", "{896D021A-34E8-4EDA-B69D-8F92C6B5243B}"
	ProjectSection(ProjectDependencies) = postProject
		{963A4A5C-0455-40A5-BA48-01838DD5BB5B} = {963A4A5C-0455-40A5-BA48-01838DD5BB5B}
	EndProjectSection
EndProject
Project("{FAE04EC0-301F-11D3-BF4B-00C04F79EFBC}") = "Lusas_oM", "Lusas_oM\Lusas_oM.csproj", "{963A4A5C-0455-40A5-BA48-01838DD5BB5B}"
EndProject
Global
	GlobalSection(SolutionConfigurationPlatforms) = preSolution
		Debug|Any CPU = Debug|Any CPU
		Debug|x86 = Debug|x86
		Debug17|Any CPU = Debug17|Any CPU
		Debug17|x86 = Debug17|x86
		Debug18|Any CPU = Debug18|Any CPU
		Debug18|x86 = Debug18|x86
		Release|Any CPU = Release|Any CPU
		Release|x86 = Release|x86
		Release17|Any CPU = Release17|Any CPU
		Release17|x86 = Release17|x86
		Release18|Any CPU = Release18|Any CPU
		Release18|x86 = Release18|x86
	EndGlobalSection
	GlobalSection(ProjectConfigurationPlatforms) = postSolution
		{41133F8E-E73A-415E-87F5-8E1D8BFC7EA0}.Debug|Any CPU.ActiveCfg = Debug|Any CPU
		{41133F8E-E73A-415E-87F5-8E1D8BFC7EA0}.Debug|Any CPU.Build.0 = Debug|Any CPU
		{41133F8E-E73A-415E-87F5-8E1D8BFC7EA0}.Debug|x86.ActiveCfg = Debug|Any CPU
		{41133F8E-E73A-415E-87F5-8E1D8BFC7EA0}.Debug|x86.Build.0 = Debug|Any CPU
		{41133F8E-E73A-415E-87F5-8E1D8BFC7EA0}.Debug17|Any CPU.ActiveCfg = Debug|Any CPU
		{41133F8E-E73A-415E-87F5-8E1D8BFC7EA0}.Debug17|Any CPU.Build.0 = Debug|Any CPU
		{41133F8E-E73A-415E-87F5-8E1D8BFC7EA0}.Debug17|x86.ActiveCfg = Debug17|Any CPU
		{41133F8E-E73A-415E-87F5-8E1D8BFC7EA0}.Debug17|x86.Build.0 = Debug17|Any CPU
		{41133F8E-E73A-415E-87F5-8E1D8BFC7EA0}.Debug18|Any CPU.ActiveCfg = Debug|Any CPU
		{41133F8E-E73A-415E-87F5-8E1D8BFC7EA0}.Debug18|Any CPU.Build.0 = Debug|Any CPU
		{41133F8E-E73A-415E-87F5-8E1D8BFC7EA0}.Debug18|x86.ActiveCfg = Debug18|Any CPU
		{41133F8E-E73A-415E-87F5-8E1D8BFC7EA0}.Debug18|x86.Build.0 = Debug18|Any CPU
		{41133F8E-E73A-415E-87F5-8E1D8BFC7EA0}.Release|Any CPU.ActiveCfg = Release|Any CPU
		{41133F8E-E73A-415E-87F5-8E1D8BFC7EA0}.Release|Any CPU.Build.0 = Release|Any CPU
		{41133F8E-E73A-415E-87F5-8E1D8BFC7EA0}.Release|x86.ActiveCfg = Release|Any CPU
		{41133F8E-E73A-415E-87F5-8E1D8BFC7EA0}.Release|x86.Build.0 = Release|Any CPU
		{41133F8E-E73A-415E-87F5-8E1D8BFC7EA0}.Release17|Any CPU.ActiveCfg = Release|Any CPU
		{41133F8E-E73A-415E-87F5-8E1D8BFC7EA0}.Release17|Any CPU.Build.0 = Release|Any CPU
		{41133F8E-E73A-415E-87F5-8E1D8BFC7EA0}.Release17|x86.ActiveCfg = Release17|Any CPU
		{41133F8E-E73A-415E-87F5-8E1D8BFC7EA0}.Release17|x86.Build.0 = Release17|Any CPU
		{41133F8E-E73A-415E-87F5-8E1D8BFC7EA0}.Release18|Any CPU.ActiveCfg = Release|Any CPU
		{41133F8E-E73A-415E-87F5-8E1D8BFC7EA0}.Release18|Any CPU.Build.0 = Release|Any CPU
		{41133F8E-E73A-415E-87F5-8E1D8BFC7EA0}.Release18|x86.ActiveCfg = Release18|Any CPU
		{41133F8E-E73A-415E-87F5-8E1D8BFC7EA0}.Release18|x86.Build.0 = Release18|Any CPU
		{896D021A-34E8-4EDA-B69D-8F92C6B5243B}.Debug|Any CPU.ActiveCfg = Debug17|Any CPU
		{896D021A-34E8-4EDA-B69D-8F92C6B5243B}.Debug|Any CPU.Build.0 = Debug17|Any CPU
		{896D021A-34E8-4EDA-B69D-8F92C6B5243B}.Debug|x86.ActiveCfg = Debug|x86
		{896D021A-34E8-4EDA-B69D-8F92C6B5243B}.Debug|x86.Build.0 = Debug|x86
		{896D021A-34E8-4EDA-B69D-8F92C6B5243B}.Debug17|Any CPU.ActiveCfg = Debug17|Any CPU
		{896D021A-34E8-4EDA-B69D-8F92C6B5243B}.Debug17|Any CPU.Build.0 = Debug17|Any CPU
		{896D021A-34E8-4EDA-B69D-8F92C6B5243B}.Debug17|x86.ActiveCfg = Debug17|x86
		{896D021A-34E8-4EDA-B69D-8F92C6B5243B}.Debug17|x86.Build.0 = Debug17|x86
		{896D021A-34E8-4EDA-B69D-8F92C6B5243B}.Debug18|Any CPU.ActiveCfg = Debug18|Any CPU
		{896D021A-34E8-4EDA-B69D-8F92C6B5243B}.Debug18|Any CPU.Build.0 = Debug18|Any CPU
		{896D021A-34E8-4EDA-B69D-8F92C6B5243B}.Debug18|x86.ActiveCfg = Debug18|x86
		{896D021A-34E8-4EDA-B69D-8F92C6B5243B}.Debug18|x86.Build.0 = Debug18|x86
		{896D021A-34E8-4EDA-B69D-8F92C6B5243B}.Release|Any CPU.ActiveCfg = Release17|Any CPU
		{896D021A-34E8-4EDA-B69D-8F92C6B5243B}.Release|Any CPU.Build.0 = Release17|Any CPU
		{896D021A-34E8-4EDA-B69D-8F92C6B5243B}.Release|x86.ActiveCfg = Release|x86
		{896D021A-34E8-4EDA-B69D-8F92C6B5243B}.Release|x86.Build.0 = Release|x86
		{896D021A-34E8-4EDA-B69D-8F92C6B5243B}.Release17|Any CPU.ActiveCfg = Release17|Any CPU
		{896D021A-34E8-4EDA-B69D-8F92C6B5243B}.Release17|Any CPU.Build.0 = Release17|Any CPU
		{896D021A-34E8-4EDA-B69D-8F92C6B5243B}.Release17|x86.ActiveCfg = Release17|x86
		{896D021A-34E8-4EDA-B69D-8F92C6B5243B}.Release17|x86.Build.0 = Release17|x86
		{896D021A-34E8-4EDA-B69D-8F92C6B5243B}.Release18|Any CPU.ActiveCfg = Release18|Any CPU
		{896D021A-34E8-4EDA-B69D-8F92C6B5243B}.Release18|Any CPU.Build.0 = Release18|Any CPU
		{896D021A-34E8-4EDA-B69D-8F92C6B5243B}.Release18|x86.ActiveCfg = Release18|x86
		{896D021A-34E8-4EDA-B69D-8F92C6B5243B}.Release18|x86.Build.0 = Release18|x86
		{963A4A5C-0455-40A5-BA48-01838DD5BB5B}.Debug|Any CPU.ActiveCfg = Debug|Any CPU
		{963A4A5C-0455-40A5-BA48-01838DD5BB5B}.Debug|Any CPU.Build.0 = Debug|Any CPU
		{963A4A5C-0455-40A5-BA48-01838DD5BB5B}.Debug|x86.ActiveCfg = Debug|Any CPU
		{963A4A5C-0455-40A5-BA48-01838DD5BB5B}.Debug|x86.Build.0 = Debug|Any CPU
		{963A4A5C-0455-40A5-BA48-01838DD5BB5B}.Debug17|Any CPU.ActiveCfg = Debug|Any CPU
		{963A4A5C-0455-40A5-BA48-01838DD5BB5B}.Debug17|Any CPU.Build.0 = Debug|Any CPU
		{963A4A5C-0455-40A5-BA48-01838DD5BB5B}.Debug17|x86.ActiveCfg = Debug17|Any CPU
		{963A4A5C-0455-40A5-BA48-01838DD5BB5B}.Debug17|x86.Build.0 = Debug17|Any CPU
		{963A4A5C-0455-40A5-BA48-01838DD5BB5B}.Debug18|Any CPU.ActiveCfg = Debug|Any CPU
		{963A4A5C-0455-40A5-BA48-01838DD5BB5B}.Debug18|Any CPU.Build.0 = Debug|Any CPU
		{963A4A5C-0455-40A5-BA48-01838DD5BB5B}.Debug18|x86.ActiveCfg = Debug18|Any CPU
		{963A4A5C-0455-40A5-BA48-01838DD5BB5B}.Debug18|x86.Build.0 = Debug18|Any CPU
		{963A4A5C-0455-40A5-BA48-01838DD5BB5B}.Release|Any CPU.ActiveCfg = Release|Any CPU
		{963A4A5C-0455-40A5-BA48-01838DD5BB5B}.Release|Any CPU.Build.0 = Release|Any CPU
		{963A4A5C-0455-40A5-BA48-01838DD5BB5B}.Release|x86.ActiveCfg = Release|Any CPU
		{963A4A5C-0455-40A5-BA48-01838DD5BB5B}.Release|x86.Build.0 = Release|Any CPU
		{963A4A5C-0455-40A5-BA48-01838DD5BB5B}.Release17|Any CPU.ActiveCfg = Release|Any CPU
		{963A4A5C-0455-40A5-BA48-01838DD5BB5B}.Release17|Any CPU.Build.0 = Release|Any CPU
		{963A4A5C-0455-40A5-BA48-01838DD5BB5B}.Release17|x86.ActiveCfg = Release17|Any CPU
		{963A4A5C-0455-40A5-BA48-01838DD5BB5B}.Release17|x86.Build.0 = Release17|Any CPU
		{963A4A5C-0455-40A5-BA48-01838DD5BB5B}.Release18|Any CPU.ActiveCfg = Release|Any CPU
		{963A4A5C-0455-40A5-BA48-01838DD5BB5B}.Release18|Any CPU.Build.0 = Release|Any CPU
		{963A4A5C-0455-40A5-BA48-01838DD5BB5B}.Release18|x86.ActiveCfg = Release18|Any CPU
		{963A4A5C-0455-40A5-BA48-01838DD5BB5B}.Release18|x86.Build.0 = Release18|Any CPU
	EndGlobalSection
	GlobalSection(SolutionProperties) = preSolution
		HideSolutionNode = FALSE
	EndGlobalSection
	GlobalSection(ExtensibilityGlobals) = postSolution
		SolutionGuid = {04A3303B-4B12-4EB0-B292-E21D8F74C437}
	EndGlobalSection
EndGlobal
